<?xml version="1.0" encoding="utf-8"?>
<Project ToolsVersion="4.0" xmlns="http://schemas.microsoft.com/developer/msbuild/2003">
  <ItemGroup>
    <Filter Include="Source Files">
      <UniqueIdentifier>{0f32f42d-74af-4810-95cb-c400b348c092}</UniqueIdentifier>
      <Extensions>cpp;c;cc;cxx;c++;def;odl;idl;hpj;bat;asm;asmx</Extensions>
    </Filter>
    <Filter Include="Header Files">
      <UniqueIdentifier>{eb49d9c6-5377-4d35-907b-c75d2e091f03}</UniqueIdentifier>
      <Extensions>h;hh;hpp;hxx;h++;hm;inl;inc;ipp;xsd</Extensions>
    </Filter>
    <Filter Include="Assets">
      <UniqueIdentifier>{ac5361dc-9333-4d3c-8ca7-7417f45d087f}</UniqueIdentifier>
    </Filter>
  </ItemGroup>
  <ItemGroup>
    <ClCompile Include="BoardModel.cpp">
      <Filter>Source Files</Filter>
    </ClCompile>
    <ClCompile Include="BotEngine.cpp">
      <Filter>Source Files</Filter>
    </ClCompile>
    <ClCompile Include="GameApp.cpp">
      <Filter>Source Files</Filter>
    </ClCompile>
    <ClCompile Include="main.cpp">
      <Filter>Source Files</Filter>
    </ClCompile>
    <ClCompile Include="SaveManager.cpp">
      <Filter>Source Files</Filter>
    </ClCompile>
    <ClCompile Include="VideoPlayer.cpp">
      <Filter>Source Files</Filter>
    </ClCompile>
  </ItemGroup>
  <ItemGroup>
    <ClInclude Include="BoardModel.h">
      <Filter>Header Files</Filter>
    </ClInclude>
    <ClInclude Include="BotEngine.h">
      <Filter>Header Files</Filter>
    </ClInclude>
    <ClInclude Include="GameApp.h">
      <Filter>Header Files</Filter>
    </ClInclude>
    <ClInclude Include="SaveManager.h">
      <Filter>Header Files</Filter>
    </ClInclude>
    <ClInclude Include="VideoPlayer.h">
      <Filter>Header Files</Filter>
    </ClInclude>
  </ItemGroup>
  <ItemGroup>
    <Media Include="assets\audio\nhac_nen.wav">
      <Filter>Assets</Filter>
    </Media>
    <Media Include="assets\audio\chess.wav">
      <Filter>Assets</Filter>
    </Media>
    <Media Include="assets\audio\kiem.wav">
      <Filter>Assets</Filter>
    </Media>
    <Media Include="assets\video\video.mp4">
      <Filter>Assets</Filter>
    </Media>
  </ItemGroup>
</Project>
